# THIS IS AN AUTOGENERATED FILE. DO NOT EDIT THIS FILE DIRECTLY.
# yarn lockfile v1


"@types/estree@0.0.39":
  version "0.0.39"
  resolved "https://registry.yarnpkg.com/@types/estree/-/estree-0.0.39.tgz#e177e699ee1b8c22d23174caaa7422644389509f"
  integrity sha512-EYNwp3bU+98cpU4lAWYYL7Zz+2gryWH1qbdDTidVd6hkiR6weksdbMadyXKXNPEkQFhXM+hVO9ZygomHXp+AIw==

"@types/node@*":
  version "10.12.10"
  resolved "https://registry.yarnpkg.com/@types/node/-/node-10.12.10.tgz#4fa76e6598b7de3f0cb6ec3abacc4f59e5b3a2ce"
  integrity sha512-8xZEYckCbUVgK8Eg7lf5Iy4COKJ5uXlnIOnePN0WUwSQggy9tolM+tDJf7wMOnT/JT/W9xDYIaYggt3mRV2O5w==

"@vaadin/router@^1.2.0":
  version "1.2.0"
  resolved "https://registry.yarnpkg.com/@vaadin/router/-/router-1.2.0.tgz#10143f496104b4b7d7c030c211b0a085a66a20d9"
  integrity sha512-QUL6OlwIlvMTaSIJr06zdUdCIycmKqWnVL2lATkie7ZEoHfFqVcN4FZ7do3CBEtAQy9+rS2IKTllcR7+YntNcg==
  dependencies:
    "@vaadin/vaadin-usage-statistics" "^2.0.1"
    path-to-regexp "2.2.1"

"@vaadin/vaadin-development-mode-detector@^2.0.0":
  version "2.0.0"
  resolved "https://registry.yarnpkg.com/@vaadin/vaadin-development-mode-detector/-/vaadin-development-mode-detector-2.0.0.tgz#69417cbf4a9f7427ec7b70b7dc8e0605a2f900b3"
  integrity sha512-pzSaUqn+lJbTL2ZC6NCAfhyMymMYg2p4DzeUXdyInJISwSWmgh9RlRVpAGhi6MIUOKC7kGeKPAiB4vyWsEhzDg==

"@vaadin/vaadin-usage-statistics@^2.0.1":
  version "2.0.1"
  resolved "https://registry.yarnpkg.com/@vaadin/vaadin-usage-statistics/-/vaadin-usage-statistics-2.0.1.tgz#277e880c901521f8b763ed0f16ca6900ac6a9f43"
  integrity sha512-8CmbCXZo8Z343jQT3hMVIvdkjzK72r762/UyqjLD54ArjzadneoA+4U6mFGbnbHO7FZpDhc4BKZRb5KAt0ibGg==
  dependencies:
    "@vaadin/vaadin-development-mode-detector" "^2.0.0"

builtin-modules@^2.0.0:
  version "2.0.0"
  resolved "https://registry.yarnpkg.com/builtin-modules/-/builtin-modules-2.0.0.tgz#60b7ef5ae6546bd7deefa74b08b62a43a232648e"
  integrity sha512-3U5kUA5VPsRUA3nofm/BXX7GVHKfxz0hOBAPxXrIvHzlDRkQVqEn6yi8QJegxl4LzOHLdvb7XF5dVawa/VVYBg==

is-module@^1.0.0:
  version "1.0.0"
  resolved "https://registry.yarnpkg.com/is-module/-/is-module-1.0.0.tgz#3258fb69f78c14d5b815d664336b4cffb6441591"
  integrity sha1-Mlj7afeMFNW4FdZkM2tM/7ZEFZE=

path-parse@^1.0.5:
  version "1.0.6"
  resolved "https://registry.yarnpkg.com/path-parse/-/path-parse-1.0.6.tgz#d62dbb5679405d72c4737ec58600e9ddcf06d24c"
  integrity sha512-GSmOT2EbHrINBf9SR7CDELwlJ8AENk3Qn7OikK4nFYAu3Ote2+JYNVvkpAEQm3/TLNEJFD/xZJjzyxg3KBWOzw==

path-to-regexp@2.2.1:
  version "2.2.1"
  resolved "https://registry.yarnpkg.com/path-to-regexp/-/path-to-regexp-2.2.1.tgz#90b617025a16381a879bc82a38d4e8bdeb2bcf45"
  integrity sha512-gu9bD6Ta5bwGrrU8muHzVOBFFREpp2iRkVfhBJahwJ6p6Xw20SjT0MxLnwkjOibQmGSYhiUnf2FLe7k+jcFmGQ==

prettier@^1.15.2:
  version "1.15.2"
  resolved "https://registry.yarnpkg.com/prettier/-/prettier-1.15.2.tgz#d31abe22afa4351efa14c7f8b94b58bb7452205e"
  integrity sha512-YgPLFFA0CdKL4Eg2IHtUSjzj/BWgszDHiNQAe0VAIBse34148whfdzLagRL+QiKS+YfK5ftB6X4v/MBw8yCoug==

pwa-helpers@^0.9.0:
  version "0.9.0"
  resolved "https://registry.yarnpkg.com/pwa-helpers/-/pwa-helpers-0.9.0.tgz#88bc7c60842c7179ab643d337ab20bb252e5bf9d"
  integrity sha512-lFj0udSHHqEJdf+SmAp8Y9yRJ8s1ieQIbvt4mWXn6NXUOO9ntLXNLBi8PMJGBPkc32cG4nJ6yuJrHzOxC5ZTXw==

resolve@^1.1.6:
  version "1.8.1"
  resolved "https://registry.yarnpkg.com/resolve/-/resolve-1.8.1.tgz#82f1ec19a423ac1fbd080b0bab06ba36e84a7a26"
  integrity sha512-AicPrAC7Qu1JxPCZ9ZgCZlY35QgFnNqc+0LtbRNxnVw4TXvjQ72wnuL9JQcEBgXkI9JM8MsT9kaQoHcpCRJOYA==
  dependencies:
    path-parse "^1.0.5"

rollup-plugin-node-resolve@^3.4.0:
  version "3.4.0"
  resolved "https://registry.yarnpkg.com/rollup-plugin-node-resolve/-/rollup-plugin-node-resolve-3.4.0.tgz#908585eda12e393caac7498715a01e08606abc89"
  integrity sha512-PJcd85dxfSBWih84ozRtBkB731OjXk0KnzN0oGp7WOWcarAFkVa71cV5hTJg2qpVsV2U8EUwrzHP3tvy9vS3qg==
  dependencies:
    builtin-modules "^2.0.0"
    is-module "^1.0.0"
    resolve "^1.1.6"

rollup@^0.67.3:
  version "0.67.3"
  resolved "https://registry.yarnpkg.com/rollup/-/rollup-0.67.3.tgz#55475b1b62c43220c3b4bd7edc5846233932f50b"
  integrity sha512-TyNQCz97rKuVVbsKUTXfwIjV7UljWyTVd7cTMuE+aqlQ7WJslkYF5QaYGjMLR2BlQtUOO5CAxSVnpQ55iYp5jg==
  dependencies:
    "@types/estree" "0.0.39"
    "@types/node" "*"
