# THIS IS AN AUTOGENERATED FILE. DO NOT EDIT THIS FILE DIRECTLY.
# yarn lockfile v1


"@types/estree@0.0.39":
  version "0.0.39"
  resolved "https://registry.yarnpkg.com/@types/estree/-/estree-0.0.39.tgz#e177e699ee1b8c22d23174caaa7422644389509f"
  integrity sha512-EYNwp3bU+98cpU4lAWYYL7Zz+2gryWH1qbdDTidVd6hkiR6weksdbMadyXKXNPEkQFhXM+hVO9ZygomHXp+AIw==

"@types/node@*":
  version "10.12.10"
  resolved "https://registry.yarnpkg.com/@types/node/-/node-10.12.10.tgz#4fa76e6598b7de3f0cb6ec3abacc4f59e5b3a2ce"
  integrity sha512-8xZEYckCbUVgK8Eg7lf5Iy4COKJ5uXlnIOnePN0WUwSQggy9tolM+tDJf7wMOnT/JT/W9xDYIaYggt3mRV2O5w==

"@vaadin/router@1.2.0":
  version "1.2.0"
  resolved "https://registry.yarnpkg.com/@vaadin/router/-/router-1.2.0.tgz#10143f496104b4b7d7c030c211b0a085a66a20d9"
  integrity sha512-QUL6OlwIlvMTaSIJr06zdUdCIycmKqWnVL2lATkie7ZEoHfFqVcN4FZ7do3CBEtAQy9+rS2IKTllcR7+YntNcg==
  dependencies:
    "@vaadin/vaadin-usage-statistics" "^2.0.1"
    path-to-regexp "2.2.1"

"@vaadin/vaadin-development-mode-detector@^2.0.0":
  version "2.0.0"
  resolved "https://registry.yarnpkg.com/@vaadin/vaadin-development-mode-detector/-/vaadin-development-mode-detector-2.0.0.tgz#69417cbf4a9f7427ec7b70b7dc8e0605a2f900b3"
  integrity sha512-pzSaUqn+lJbTL2ZC6NCAfhyMymMYg2p4DzeUXdyInJISwSWmgh9RlRVpAGhi6MIUOKC7kGeKPAiB4vyWsEhzDg==

"@vaadin/vaadin-usage-statistics@^2.0.1":
  version "2.0.1"
  resolved "https://registry.yarnpkg.com/@vaadin/vaadin-usage-statistics/-/vaadin-usage-statistics-2.0.1.tgz#277e880c901521f8b763ed0f16ca6900ac6a9f43"
  integrity sha512-8CmbCXZo8Z343jQT3hMVIvdkjzK72r762/UyqjLD54ArjzadneoA+4U6mFGbnbHO7FZpDhc4BKZRb5KAt0ibGg==
  dependencies:
    "@vaadin/vaadin-development-mode-detector" "^2.0.0"

acorn@^6.0.5:
  version "6.0.5"
  resolved "https://registry.yarnpkg.com/acorn/-/acorn-6.0.5.tgz#81730c0815f3f3b34d8efa95cb7430965f4d887a"
  integrity sha512-i33Zgp3XWtmZBMNvCr4azvOFeWVw1Rk6p3hfi3LUDvIFraOMywb1kAtrbi+med14m4Xfpqm3zRZMT+c0FNE7kg==

builtin-modules@^3.0.0:
  version "3.0.0"
  resolved "https://registry.yarnpkg.com/builtin-modules/-/builtin-modules-3.0.0.tgz#1e587d44b006620d90286cc7a9238bbc6129cab1"
  integrity sha512-hMIeU4K2ilbXV6Uv93ZZ0Avg/M91RaKXucQ+4me2Do1txxBDyDZWCBa5bJSLqoNTRpXTLwEzIk1KmloenDDjhg==

is-module@^1.0.0:
  version "1.0.0"
  resolved "https://registry.yarnpkg.com/is-module/-/is-module-1.0.0.tgz#3258fb69f78c14d5b815d664336b4cffb6441591"
  integrity sha1-Mlj7afeMFNW4FdZkM2tM/7ZEFZE=

path-parse@^1.0.6:
  version "1.0.6"
  resolved "https://registry.yarnpkg.com/path-parse/-/path-parse-1.0.6.tgz#d62dbb5679405d72c4737ec58600e9ddcf06d24c"
  integrity sha512-GSmOT2EbHrINBf9SR7CDELwlJ8AENk3Qn7OikK4nFYAu3Ote2+JYNVvkpAEQm3/TLNEJFD/xZJjzyxg3KBWOzw==

path-to-regexp@2.2.1:
  version "2.2.1"
  resolved "https://registry.yarnpkg.com/path-to-regexp/-/path-to-regexp-2.2.1.tgz#90b617025a16381a879bc82a38d4e8bdeb2bcf45"
  integrity sha512-gu9bD6Ta5bwGrrU8muHzVOBFFREpp2iRkVfhBJahwJ6p6Xw20SjT0MxLnwkjOibQmGSYhiUnf2FLe7k+jcFmGQ==

prettier@1.16.4:
  version "1.16.4"
  resolved "https://registry.yarnpkg.com/prettier/-/prettier-1.16.4.tgz#73e37e73e018ad2db9c76742e2647e21790c9717"
  integrity sha512-ZzWuos7TI5CKUeQAtFd6Zhm2s6EpAD/ZLApIhsF9pRvRtM1RFo61dM/4MSRUA0SuLugA/zgrZD8m0BaY46Og7g==

pwa-helpers@0.9.0:
  version "0.9.0"
  resolved "https://registry.yarnpkg.com/pwa-helpers/-/pwa-helpers-0.9.0.tgz#88bc7c60842c7179ab643d337ab20bb252e5bf9d"
  integrity sha512-lFj0udSHHqEJdf+SmAp8Y9yRJ8s1ieQIbvt4mWXn6NXUOO9ntLXNLBi8PMJGBPkc32cG4nJ6yuJrHzOxC5ZTXw==

resolve@^1.8.1:
  version "1.9.0"
  resolved "https://registry.yarnpkg.com/resolve/-/resolve-1.9.0.tgz#a14c6fdfa8f92a7df1d996cb7105fa744658ea06"
  integrity sha512-TZNye00tI67lwYvzxCxHGjwTNlUV70io54/Ed4j6PscB8xVfuBJpRenI/o6dVk0cY0PYTY27AgCoGGxRnYuItQ==
  dependencies:
    path-parse "^1.0.6"

rollup-plugin-node-resolve@4.0.0:
  version "4.0.0"
  resolved "https://registry.yarnpkg.com/rollup-plugin-node-resolve/-/rollup-plugin-node-resolve-4.0.0.tgz#9bc6b8205e9936cc0e26bba2415f1ecf1e64d9b2"
  integrity sha512-7Ni+/M5RPSUBfUaP9alwYQiIKnKeXCOHiqBpKUl9kwp3jX5ZJtgXAait1cne6pGEVUUztPD6skIKH9Kq9sNtfw==
  dependencies:
    builtin-modules "^3.0.0"
    is-module "^1.0.0"
    resolve "^1.8.1"

rollup@1.1.2:
  version "1.1.2"
  resolved "https://registry.yarnpkg.com/rollup/-/rollup-1.1.2.tgz#8d094b85683b810d0c05a16bd7618cf70d48eba7"
  integrity sha512-OkdMxqMl8pWoQc5D8y1cIinYQPPLV8ZkfLgCzL6SytXeNA2P7UHynEQXI9tYxuAjAMsSyvRaWnyJDLHMxq0XAg==
  dependencies:
    "@types/estree" "0.0.39"
    "@types/node" "*"
    acorn "^6.0.5"
